
Microsoft Visual Studio Solution File, Format Version 12.00
# Visual Studio Version 17
VisualStudioVersion = 17.7.34009.444
MinimumVisualStudioVersion = 10.0.40219.1
Project("{FAE04EC0-301F-11D3-BF4B-00C04F79EFBC}") = "Lab8_2", "Lab8_2\Lab8_2.csproj", "{B708F110-5424-415F-B0BF-4319CA124FDA}"
EndProject
Global
	GlobalSection(SolutionConfigurationPlatforms) = preSolution
		Debug|Any CPU = Debug|Any CPU
		Release|Any CPU = Release|Any CPU
	EndGlobalSection
	GlobalSection(ProjectConfigurationPlatforms) = postSolution
		{B708F110-5424-415F-B0BF-4319CA124FDA}.Debug|Any CPU.ActiveCfg = Debug|Any CPU
		{B708F110-5424-415F-B0BF-4319CA124FDA}.Debug|Any CPU.Build.0 = Debug|Any CPU
		{B708F110-5424-415F-B0BF-4319CA124FDA}.Release|Any CPU.ActiveCfg = Release|Any CPU
		{B708F110-5424-415F-B0BF-4319CA124FDA}.Release|Any CPU.Build.0 = Release|Any CPU
	EndGlobalSection
	GlobalSection(SolutionProperties) = preSolution
		HideSolutionNode = FALSE
	EndGlobalSection
	GlobalSection(ExtensibilityGlobals) = postSolution
		SolutionGuid = {57A615E6-5C64-434A-8799-3F134F87C997}
	EndGlobalSection
EndGlobal
