
Microsoft Visual Studio Solution File, Format Version 12.00
# Visual Studio Version 17
VisualStudioVersion = 17.7.34009.444
MinimumVisualStudioVersion = 10.0.40219.1
Project("{FAE04EC0-301F-11D3-BF4B-00C04F79EFBC}") = "Lab5_2", "Lab5_2\Lab5_2.csproj", "{65EBE316-5559-412E-821A-5D73F682D28A}"
EndProject
Global
	GlobalSection(SolutionConfigurationPlatforms) = preSolution
		Debug|Any CPU = Debug|Any CPU
		Release|Any CPU = Release|Any CPU
	EndGlobalSection
	GlobalSection(ProjectConfigurationPlatforms) = postSolution
		{65EBE316-5559-412E-821A-5D73F682D28A}.Debug|Any CPU.ActiveCfg = Debug|Any CPU
		{65EBE316-5559-412E-821A-5D73F682D28A}.Debug|Any CPU.Build.0 = Debug|Any CPU
		{65EBE316-5559-412E-821A-5D73F682D28A}.Release|Any CPU.ActiveCfg = Release|Any CPU
		{65EBE316-5559-412E-821A-5D73F682D28A}.Release|Any CPU.Build.0 = Release|Any CPU
	EndGlobalSection
	GlobalSection(SolutionProperties) = preSolution
		HideSolutionNode = FALSE
	EndGlobalSection
	GlobalSection(ExtensibilityGlobals) = postSolution
		SolutionGuid = {CB78613F-9BE2-4E37-A755-40AFABEE46A0}
	EndGlobalSection
EndGlobal
